{
  "name": "stjames",
  "version": "1.0.0",
  "lockfileVersion": 1,
  "requires": true,
  "dependencies": {
    "@types/webmidi": {
      "version": "2.0.2",
      "resolved": "https://registry.npmjs.org/@types/webmidi/-/webmidi-2.0.2.tgz",
      "integrity": "sha512-m/5kolDeFVi/tiE2OFaj0KCfz1mfefBh7MZ1RXowd8hP455b0qkkeOLUhjXK0fDDU+e8WKVJ7EP+NG8+LwCghA=="
    },
    "requirejs": {
      "version": "2.3.5",
      "resolved": "https://registry.npmjs.org/requirejs/-/requirejs-2.3.5.tgz",
      "integrity": "sha512-svnO+aNcR/an9Dpi44C7KSAy5fFGLtmPbaaCeQaklUz8BQhS64tWWIIlvEA5jrWICzlO/X9KSzSeXFnZdBu8nw=="
    }
  }
}
